
Microsoft Visual Studio Solution File, Format Version 12.00
# Visual Studio Version 17
VisualStudioVersion = 17.7.34221.43
MinimumVisualStudioVersion = 10.0.40219.1
Project("{FAE04EC0-301F-11D3-BF4B-00C04F79EFBC}") = "LTTServer", "LTTServer\LTTServer.csproj", "{791B6AB6-C28A-4D46-9D18-F4E77597057C}"
EndProject
Global
	GlobalSection(SolutionConfigurationPlatforms) = preSolution
		Debug|Any CPU = Debug|Any CPU
		Release|Any CPU = Release|Any CPU
	EndGlobalSection
	GlobalSection(ProjectConfigurationPlatforms) = postSolution
		{791B6AB6-C28A-4D46-9D18-F4E77597057C}.Debug|Any CPU.ActiveCfg = Debug|Any CPU
		{791B6AB6-C28A-4D46-9D18-F4E77597057C}.Debug|Any CPU.Build.0 = Debug|Any CPU
		{791B6AB6-C28A-4D46-9D18-F4E77597057C}.Release|Any CPU.ActiveCfg = Release|Any CPU
		{791B6AB6-C28A-4D46-9D18-F4E77597057C}.Release|Any CPU.Build.0 = Release|Any CPU
	EndGlobalSection
	GlobalSection(SolutionProperties) = preSolution
		HideSolutionNode = FALSE
	EndGlobalSection
	GlobalSection(ExtensibilityGlobals) = postSolution
		SolutionGuid = {F44581FD-8A56-465A-8585-D505F4C0866C}
	EndGlobalSection
EndGlobal
