<?xml version="1.0" encoding="utf-8"?>
<Project ToolsVersion="4.0" xmlns="http://schemas.microsoft.com/developer/msbuild/2003">
  <ItemGroup>
    <Filter Include="Source Files">
      <UniqueIdentifier>{4FC737F1-C7A5-4376-A066-2A32D752A2FF}</UniqueIdentifier>
      <Extensions>cpp;c;cc;cxx;c++;cppm;ixx;def;odl;idl;hpj;bat;asm;asmx</Extensions>
    </Filter>
    <Filter Include="Resource Files">
      <UniqueIdentifier>{67DA6AB6-F800-4c08-8B7A-83BB121AAD01}</UniqueIdentifier>
      <Extensions>rc;ico;cur;bmp;dlg;rc2;rct;bin;rgs;gif;jpg;jpeg;jpe;resx;tiff;tif;png;wav;mfcribbon-ms</Extensions>
    </Filter>
    <Filter Include="Source Files\Errors">
      <UniqueIdentifier>{67d9b874-876d-4d15-899c-4e971dc820dc}</UniqueIdentifier>
    </Filter>
    <Filter Include="Source Files\Memory">
      <UniqueIdentifier>{310283ba-9efd-4f60-b27b-3abd9b2b79f7}</UniqueIdentifier>
    </Filter>
    <Filter Include="Source Files\Math">
      <UniqueIdentifier>{b0dfd3d3-8f89-4404-9c21-000423439cfc}</UniqueIdentifier>
    </Filter>
    <Filter Include="Source Files\IO">
      <UniqueIdentifier>{adb32f64-25d4-44cb-b1f4-0f8ca7098794}</UniqueIdentifier>
    </Filter>
    <Filter Include="Source Files\HttpListener">
      <UniqueIdentifier>{5a6b1d8c-6056-4aa5-b9de-5e4695cf964c}</UniqueIdentifier>
    </Filter>
    <Filter Include="Source Files\String">
      <UniqueIdentifier>{1f1f2198-75a8-48cb-adb6-e61504e4e779}</UniqueIdentifier>
    </Filter>
    <Filter Include="Source Files\IO\Logger">
      <UniqueIdentifier>{ca543281-98ad-4a03-ae1c-9fb08298a8ce}</UniqueIdentifier>
    </Filter>
    <Filter Include="Source Files\HTML">
      <UniqueIdentifier>{7d421201-f029-421f-af53-754e47c38cd7}</UniqueIdentifier>
    </Filter>
    <Filter Include="Source Files\JSON">
      <UniqueIdentifier>{62973ba3-fd05-4ece-8ca7-c4c7460d4171}</UniqueIdentifier>
    </Filter>
  </ItemGroup>
  <ItemGroup>
    <ClCompile Include="LTTServerC.c">
      <Filter>Source Files</Filter>
    </ClCompile>
    <ClCompile Include="LttErrors.c">
      <Filter>Source Files\Errors</Filter>
    </ClCompile>
    <ClCompile Include="Memory.c">
      <Filter>Source Files\Memory</Filter>
    </ClCompile>
    <ClCompile Include="LTTMath.c">
      <Filter>Source Files\Math</Filter>
    </ClCompile>
    <ClCompile Include="File.c">
      <Filter>Source Files\IO</Filter>
    </ClCompile>
    <ClCompile Include="HttpListener.c">
      <Filter>Source Files\HttpListener</Filter>
    </ClCompile>
    <ClCompile Include="Directory.c">
      <Filter>Source Files\IO</Filter>
    </ClCompile>
    <ClCompile Include="LttString.c">
      <Filter>Source Files\String</Filter>
    </ClCompile>
    <ClCompile Include="Logger.c">
      <Filter>Source Files\IO\Logger</Filter>
    </ClCompile>
    <ClCompile Include="ConfigFile.c">
      <Filter>Source Files</Filter>
    </ClCompile>
    <ClCompile Include="LTTHTML.c">
      <Filter>Source Files\HTML</Filter>
    </ClCompile>
    <ClCompile Include="LTTServerResourceManager.c">
      <Filter>Source Files\HttpListener</Filter>
    </ClCompile>
    <ClCompile Include="LTTChar.c">
      <Filter>Source Files\String</Filter>
    </ClCompile>
    <ClCompile Include="GHDF.c">
      <Filter>Source Files\IO</Filter>
    </ClCompile>
    <ClCompile Include="LTTJSON.c">
      <Filter>Source Files\JSON</Filter>
    </ClCompile>
    <ClCompile Include="IDCodepointHashMap.h">
      <Filter>Source Files\HttpListener</Filter>
    </ClCompile>
    <ClCompile Include="IDCodepointHashMap.c">
      <Filter>Source Files\HttpListener</Filter>
    </ClCompile>
  </ItemGroup>
  <ItemGroup>
    <ClInclude Include="LttErrors.h">
      <Filter>Source Files\Errors</Filter>
    </ClInclude>
    <ClInclude Include="Memory.h">
      <Filter>Source Files\Memory</Filter>
    </ClInclude>
    <ClInclude Include="LTTMath.h">
      <Filter>Source Files\Math</Filter>
    </ClInclude>
    <ClInclude Include="File.h">
      <Filter>Source Files\IO</Filter>
    </ClInclude>
    <ClInclude Include="HttpListener.h">
      <Filter>Source Files\HttpListener</Filter>
    </ClInclude>
    <ClInclude Include="Directory.h">
      <Filter>Source Files\IO</Filter>
    </ClInclude>
    <ClInclude Include="LttString.h">
      <Filter>Source Files\String</Filter>
    </ClInclude>
    <ClInclude Include="LttCommon.h">
      <Filter>Source Files</Filter>
    </ClInclude>
    <ClInclude Include="Logger.h">
      <Filter>Source Files\IO\Logger</Filter>
    </ClInclude>
    <ClInclude Include="LTTHTML.h">
      <Filter>Source Files\HTML</Filter>
    </ClInclude>
    <ClInclude Include="ConfigFile.h">
      <Filter>Source Files\IO</Filter>
    </ClInclude>
    <ClInclude Include="LTTServerResourceManager.h">
      <Filter>Source Files\HttpListener</Filter>
    </ClInclude>
    <ClInclude Include="LTTServerC.h">
      <Filter>Source Files</Filter>
    </ClInclude>
    <ClInclude Include="LTTChar.h">
      <Filter>Source Files\String</Filter>
    </ClInclude>
    <ClInclude Include="GHDF.h">
      <Filter>Source Files\IO</Filter>
    </ClInclude>
    <ClInclude Include="LTTJSON.h">
      <Filter>Source Files\JSON</Filter>
    </ClInclude>
  </ItemGroup>
</Project>